
Microsoft Visual Studio Solution File, Format Version 12.00
# Visual Studio 15
VisualStudioVersion = 15.0.27130.2027
MinimumVisualStudioVersion = 10.0.40219.1
Project("{9A19103F-16F7-4668-BE54-9A1E7A4F7556}") = "AutoQuestraderWeb", "AutoQuestraderWeb\AutoQuestraderWeb.csproj", "{ED6276D2-74D5-430D-98EB-21B343E35FBC}"
EndProject
Project("{9A19103F-16F7-4668-BE54-9A1E7A4F7556}") = "BLL", "BLL\BLL.csproj", "{0C4F48BB-390C-486D-81E2-2F3FAE1B8EB2}"
EndProject
Project("{FAE04EC0-301F-11D3-BF4B-00C04F79EFBC}") = "WebApplication1", "WebApplication1\WebApplication1.csproj", "{9D7B6BAF-25D2-49CC-94AF-5207E99E034A}"
EndProject
Global
	GlobalSection(SolutionConfigurationPlatforms) = preSolution
		Debug|Any CPU = Debug|Any CPU
		Release|Any CPU = Release|Any CPU
	EndGlobalSection
	GlobalSection(ProjectConfigurationPlatforms) = postSolution
		{ED6276D2-74D5-430D-98EB-21B343E35FBC}.Debug|Any CPU.ActiveCfg = Debug|Any CPU
		{ED6276D2-74D5-430D-98EB-21B343E35FBC}.Debug|Any CPU.Build.0 = Debug|Any CPU
		{ED6276D2-74D5-430D-98EB-21B343E35FBC}.Release|Any CPU.ActiveCfg = Release|Any CPU
		{ED6276D2-74D5-430D-98EB-21B343E35FBC}.Release|Any CPU.Build.0 = Release|Any CPU
		{0C4F48BB-390C-486D-81E2-2F3FAE1B8EB2}.Debug|Any CPU.ActiveCfg = Debug|Any CPU
		{0C4F48BB-390C-486D-81E2-2F3FAE1B8EB2}.Debug|Any CPU.Build.0 = Debug|Any CPU
		{0C4F48BB-390C-486D-81E2-2F3FAE1B8EB2}.Release|Any CPU.ActiveCfg = Release|Any CPU
		{0C4F48BB-390C-486D-81E2-2F3FAE1B8EB2}.Release|Any CPU.Build.0 = Release|Any CPU
		{9D7B6BAF-25D2-49CC-94AF-5207E99E034A}.Debug|Any CPU.ActiveCfg = Debug|Any CPU
		{9D7B6BAF-25D2-49CC-94AF-5207E99E034A}.Debug|Any CPU.Build.0 = Debug|Any CPU
		{9D7B6BAF-25D2-49CC-94AF-5207E99E034A}.Release|Any CPU.ActiveCfg = Release|Any CPU
		{9D7B6BAF-25D2-49CC-94AF-5207E99E034A}.Release|Any CPU.Build.0 = Release|Any CPU
	EndGlobalSection
	GlobalSection(SolutionProperties) = preSolution
		HideSolutionNode = FALSE
	EndGlobalSection
	GlobalSection(ExtensibilityGlobals) = postSolution
		SolutionGuid = {F7097B93-9C7E-47C7-AACA-8F91DCBF210D}
	EndGlobalSection
EndGlobal
